lockfileVersion: '6.0'

settings:
  autoInstallPeers: true
  excludeLinksFromLockfile: false

dependencies:
  dotenv:
    specifier: ^16.5.0
    version: 16.5.0
  drizzle-kit:
    specifier: ^0.31.1
    version: 0.31.1
  drizzle-orm:
    specifier: ^0.43.1
    version: 0.43.1
  pg:
    specifier: ^8.15.6
    version: 8.15.6

packages:

  /dotenv@16.5.0:
    resolution: {integrity: sha512-dDZyKWNaWrYkN87BdLn3tEQ0oDeEWnRmEelcItlvR+rCbBY8IWfVcxzGLLBIeArI/xixuNJy9N85UtCuiSVeVQ==}
    engines: {node: '>=12'}
    dev: false

  /drizzle-kit@0.31.1:
    resolution: {integrity: sha512-jIGXRnB4jZEjO6wvcgVJHRKIPcZh1RdnL3t2tO0XCR6CidH77KJf6HiZKTdYJQw25IkYr8N3uqeB+PBWwKtqGQ==}
    hasBin: true
    dependencies:
      js-object-collections: 0.2.8
      proper-lockfile: 4.1.2
      wretch: 2.8.0
    dev: false

  /drizzle-orm@0.43.1:
    resolution: {integrity: sha512-7ufaT4kLOUy2T75CLgRkUuVHkAuR3A8Y6L9M3f2IESTj8ZPjmWDPj19XpwDLEy//fBBmSQSTHQKZNLU+ZpA7QA==}
    dev: false

  /js-object-collections@0.2.8:
    resolution: {integrity: sha512-H79DXXVDrPBgmkH8CIKoXVyNTPySmvWq6/2tBV0s1XyD16iPiQP5Ny9XpTgS1Ii8uliXVOxlqjKQPSEqJVgFGg==}
    engines: {node: '>=14.16'}
    dev: false

  /pg@8.15.6:
    resolution: {integrity: sha512-znNGjxh0vQQr6xXbW5uPqPmTLOcvLRB/YQbVbVQPBPW0P8zv1S/JO5zj/v+6tSYIrKj0mKr5JFnJ9G1+SIeJYyA==}
    engines: {node: '>= 8.0.0'}
    peerDependencies:
      pg-native: '>=3.0.1'
    peerDependenciesMeta:
      pg-native:
        optional: true
    dev: false

  /proper-lockfile@4.1.2:
    resolution: {integrity: sha512-TjNPblN4BwAWMXU8s9AEz4JmQxnD1NNL7bNOY/AKUzyamc379FWASUhc/K1pL2noVb+XmZKLL68cjzLsiOAMaA==}
    engines: {node: '>=8'} 
    dependencies:
      graceful-fs: 4.2.11
      retry: 0.12.0
      signal-exit: 3.0.7
    dev: false

  /graceful-fs@4.2.11:
    resolution: {integrity: sha512-RbJ5/jmFcNNCcDV5o9eTnBLJ/HszWV0P73bc+Ff4nS/rJj+YaS6IGyiOL0VoBYX+l1Wrl3k63h/KrH+nhJ0XvQ==}
    dev: false

  /retry@0.12.0:
    resolution: {integrity: sha512-9LkiTwjUh6rT555DtE9rTX+BKByPfrMzEAtnlEtdEwr3Nkffwiihqe2bWADg+OQRjt9gl6ICdmB/ZFDCGAtSow==}
    engines: {node: '>= 4'}
    dev: false

  /signal-exit@3.0.7:
    resolution: {integrity: sha512-wnD2ZE+l+SPC/uoS0vXeE9L1+0wuaMqKlfz9AMUo38JsyLSBWSFcHR1Rri62LZc12vLr1gb3jl7iwQhgwpAbGQ==}
    dev: false

  /wretch@2.8.0:
    resolution: {integrity: sha512-QQJvLTb+JQmkrfmhGzv0YvJM7q6HPVxFV4hJ8GgwoQoXvkiXFoZvdqStEvZ0q9dGrBNQUZUK6CRXeq5iL79l6A==}
    engines: {node: '>=14.16'}
    dev: false 